lockfileVersion: '6.0'

settings:
  autoInstallPeers: true
  excludeLinksFromLockfile: false

dependencies:
  '@sass-fairy/exception':
    specifier: ^1.1.1
    version: 1.1.1
  '@sass-fairy/list':
    specifier: ^1.2.4
    version: 1.2.4
  '@sass-fairy/math':
    specifier: ^1.0.3
    version: 1.0.3
  '@sass-fairy/meta':
    specifier: ^1.0.2
    version: 1.0.2
  prettier:
    specifier: ^3.0.3
    version: 3.0.3
  quickscss:
    specifier: link:..\QuickSCSS
    version: link:../QuickSCSS

packages:

  /@sass-fairy/exception@1.1.1:
    resolution: {integrity: sha512-DP3dwerkS/gE79CaCzaE46zkTSWxmUc8Q/8Io6FC9qYRaNJ5aR8l1IvRbEe6ZnsnVE1+Ow1XOzC9uL2eeh62Hg==}
    dev: false

  /@sass-fairy/list@1.2.4:
    resolution: {integrity: sha512-gs+96qO1kqPbnDU0tqG9/V77ceUXtA8grYQ554jIEQKYerFRs8usUs7KUu7JZJfkmEDpyoDbvNm18vr1WVgz6w==}
    dependencies:
      '@sass-fairy/exception': 1.1.1
      '@sass-fairy/math': 1.0.3
      '@sass-fairy/meta': 1.0.2
    dev: false

  /@sass-fairy/math@1.0.3:
    resolution: {integrity: sha512-Lg/0vwx9Y7BSl/hTy3zO13bObx3dz8wkV/G6suX8B2j3IloXMGZmvdlmGwH+8J4e9/nUA/Yv3N9B6+W/IdLHmw==}
    dependencies:
      '@sass-fairy/exception': 1.1.1
    dev: false

  /@sass-fairy/meta@1.0.2:
    resolution: {integrity: sha512-LLQnuY5kLdsGjGM+r94y3xew1wi7iok4Ciw43fYC9fCtyvwbeohMA0OK4vjl2iP9RaGIMEWfpjX7WZ0gSc5sSQ==}
    dependencies:
      '@sass-fairy/exception': 1.1.1
    dev: false

  /prettier@3.0.3:
    resolution: {integrity: sha512-L/4pUDMxcNa8R/EthV08Zt42WBO4h1rarVtK0K+QJG0X187OLo7l699jWw0GKuwzkPQ//jMFA/8Xm6Fh3J/DAg==}
    engines: {node: '>=14'}
    hasBin: true
    dev: false
